dc1df565e47e68d9021ec744b250771a704fa4b60a3c6254333a731db502782d  bootstrap/minimal-zshrc.example
de92263099b168f3c6b4c4cc56c2b883b29d298a3fd66eba61a48e362bc6840c  bootstrap/profile.snippet.sh
dc1df565e47e68d9021ec744b250771a704fa4b60a3c6254333a731db502782d  bootstrap/zshrc.snippet.zsh
869461436b1140c9052cdbf8238d7219fcc1f784967eaf64a3f4b0683ff40bc4  githooks/pre-push
d35eaf43f80a613c2198c807ac850835d0c67ab61eaadda4e7b9afece2b2d5d2  run.sh
9e4e258e8026728c2b2ccb2eb305727931cdd75516609a14b01a641a2cc6b18a  scripts/audit-public-safety
1035d4fa9e6d1e7973352805cab96cd882bab9691d726bfc816395a2f1f8f330  scripts/check-repo
3687dfc2ac1c3f77aa2587b8d2992124178fb9128ba1156a08134e7c2b003e06  scripts/ensure-rcd-loaders
1640db40ac2719ce93b5a0fefb3b3b8aae89121d8ca4abddc00b88b70606d55b  scripts/list-packages
e5ca20d1c61cc132d0945aeda9709a8ea92cbdee30091fbabf5293ced8ee912f  scripts/runner-canonical-docs.txt
565d63b21d3ddc7d3563cde2f9adbc32b6176ce2dd87000fd388f2e3959f3335  scripts/runner-canonical-files.txt
5a27968bb8593809ba67d6a8fef60fc555e2755c5e0d4d6a7f0d1ab580d87c44  scripts/stow-select
f1bcc87f5624a5a808c6345c6c7120ac02b6783a6f6af1fc3b12d48de7e68589  scripts/sync-runner
0e92934a0d485571e781e7a988bcfd4cd19699abc6981b2f85920204145e2d15  scripts/system-copy-select
