100644 5f6021e6041465348db6e8950bbc1ca66eeccf0bbf2118459aa03f0c798a7394  docs/runner-rebind.md
100644 2d23bfb17cb81923a06faaa31a085f1f2f92a429253ec03311d53a8223e2482a  docs/runner-release-process.md
100644 7c72e7c5acea5a026611eca23e737449f7b66846636138afdd2199660aa85021  docs/runner-sync.md
100644 171d6a65f776fccc57a4147c460aa6e51dfa930b4490b2efd78c789ebe8de537  docs/runner-system-rebind.md
