3dc46e51489803cfd9a871f6670d517df9340e3c3d5adea0a18af66bec8c08b3  bootstrap/minimal-zshrc.example
b81f1dd01cdca1fab3b69cc831523f953d0b5023f6a8aaa2a052253177b12d1d  bootstrap/profile.snippet.sh
3dc46e51489803cfd9a871f6670d517df9340e3c3d5adea0a18af66bec8c08b3  bootstrap/zshrc.snippet.zsh
869461436b1140c9052cdbf8238d7219fcc1f784967eaf64a3f4b0683ff40bc4  githooks/pre-push
79df46b974441488842fdd0d98a72821642f2d2684193ead90a27df1a8195b56  run.sh
9e4e258e8026728c2b2ccb2eb305727931cdd75516609a14b01a641a2cc6b18a  scripts/audit-public-safety
1035d4fa9e6d1e7973352805cab96cd882bab9691d726bfc816395a2f1f8f330  scripts/check-repo
2bc018fdbb8b38dfb3cb834fdabbc5b471b0502b2d64c461c719329c9134baad  scripts/ensure-rcd-loaders
1640db40ac2719ce93b5a0fefb3b3b8aae89121d8ca4abddc00b88b70606d55b  scripts/list-packages
3400460b4a8df1ccd131c3303d8de216675f81f3a36aa688487b07309f614b2a  scripts/runner-canonical-files.txt
5a27968bb8593809ba67d6a8fef60fc555e2755c5e0d4d6a7f0d1ab580d87c44  scripts/stow-select
04e70c0809c3db2afa371c970809f3a82b89e7f4d2b658159f6c426a6f2ff837  scripts/sync-runner
3e2d4508a014b4841778dec0f928db872d787fd2261fb16c79da14003fd4cd39  scripts/system-copy-select
