100644 dc1df565e47e68d9021ec744b250771a704fa4b60a3c6254333a731db502782d  bootstrap/minimal-zshrc.example
100644 de92263099b168f3c6b4c4cc56c2b883b29d298a3fd66eba61a48e362bc6840c  bootstrap/profile.snippet.sh
100644 dc1df565e47e68d9021ec744b250771a704fa4b60a3c6254333a731db502782d  bootstrap/zshrc.snippet.zsh
100755 869461436b1140c9052cdbf8238d7219fcc1f784967eaf64a3f4b0683ff40bc4  githooks/pre-push
100755 142c68f4f402e383ae08d6740cfc9272420d6f88291c8301f79f50ee78d4a2e6  run.sh
100755 1035d4fa9e6d1e7973352805cab96cd882bab9691d726bfc816395a2f1f8f330  scripts/check-repo
100755 62ba60e2492cf0697049a553db8f6ba5453a61027a3ea421f929cc0b5b8c603f  scripts/ensure-rcd-loaders
100755 1640db40ac2719ce93b5a0fefb3b3b8aae89121d8ca4abddc00b88b70606d55b  scripts/list-packages
100644 e5ca20d1c61cc132d0945aeda9709a8ea92cbdee30091fbabf5293ced8ee912f  scripts/runner-canonical-docs.txt
100644 58098043248ecb889c27f21cecda204b6b07df37d5b17d4e6f9de162d13aeda6  scripts/runner-canonical-files.txt
100755 5a27968bb8593809ba67d6a8fef60fc555e2755c5e0d4d6a7f0d1ab580d87c44  scripts/stow-select
100755 b9677a7138306de8ef2d106a3707f801e51074e578978bef5291b130b8b0c44a  scripts/sync-runner
100755 2156bec9e75d5bb16b9cfec592921cbade680a9aa4461f3296d38392f44f5567  scripts/system-copy-select
