100644 25e49cdff0a71190ea9ef47c456924998cd5d02314be91c94a2046114b11ff8a  docs/runner-rebind.md
100644 2d23bfb17cb81923a06faaa31a085f1f2f92a429253ec03311d53a8223e2482a  docs/runner-release-process.md
100644 7c72e7c5acea5a026611eca23e737449f7b66846636138afdd2199660aa85021  docs/runner-sync.md
100644 c473677da4879b80bef50b3b41bebf2ba08e7c57fec5fea400f4cd36d6d72ee2  docs/runner-system-rebind.md
