100644 5f6021e6041465348db6e8950bbc1ca66eeccf0bbf2118459aa03f0c798a7394  docs/runner-rebind.md
100644 2d23bfb17cb81923a06faaa31a085f1f2f92a429253ec03311d53a8223e2482a  docs/runner-release-process.md
100644 7c72e7c5acea5a026611eca23e737449f7b66846636138afdd2199660aa85021  docs/runner-sync.md
100644 d6dd497eb9d5858cb1d2e152e864064caa492e94a875086b01a7c7a1e09c2054  docs/runner-system-rebind.md
